// !$*UTF8*$!
{
	archiveVersion = 1;
	classes = {
	};
	objectVersion = 55;
	objects = {

/* Begin PBXBuildFile section */
		0225EAF420DE5AD86A94B680 /* Pods_MoviesList.framework in Frameworks */ = {isa = PBXBuildFile; fileRef = 9CB0ADDF8E3C850A7A4E71DF /* Pods_MoviesList.framework */; };
		6C6F723EB6015079911B34E4 /* Pods_MoviesList_MoviesListUITests.framework in Frameworks */ = {isa = PBXBuildFile; fileRef = 7E9147A356E207086E03ECD5 /* Pods_MoviesList_MoviesListUITests.framework */; };
		9495C15CBD5B74002F737F5C /* Pods_MoviesListTests.framework in Frameworks */ = {isa = PBXBuildFile; fileRef = 85AC45B51E212E7F1DF8CE44 /* Pods_MoviesListTests.framework */; };
		AC15DED9284130BF0095B5EB /* AppDelegate.swift in Sources */ = {isa = PBXBuildFile; fileRef = AC15DED8284130BF0095B5EB /* AppDelegate.swift */; };
		AC15DEDB284130BF0095B5EB /* SceneDelegate.swift in Sources */ = {isa = PBXBuildFile; fileRef = AC15DEDA284130BF0095B5EB /* SceneDelegate.swift */; };
		AC15DEDD284130BF0095B5EB /* MoviesLoginViewController.swift in Sources */ = {isa = PBXBuildFile; fileRef = AC15DEDC284130BF0095B5EB /* MoviesLoginViewController.swift */; };
		AC15DEE0284130BF0095B5EB /* Main.storyboard in Resources */ = {isa = PBXBuildFile; fileRef = AC15DEDE284130BF0095B5EB /* Main.storyboard */; };
		AC15DEE2284131160095B5EB /* Assets.xcassets in Resources */ = {isa = PBXBuildFile; fileRef = AC15DEE1284131160095B5EB /* Assets.xcassets */; };
		AC15DEE5284131160095B5EB /* LaunchScreen.storyboard in Resources */ = {isa = PBXBuildFile; fileRef = AC15DEE3284131160095B5EB /* LaunchScreen.storyboard */; };
		AC15DEF0284131190095B5EB /* MoviesListTests.swift in Sources */ = {isa = PBXBuildFile; fileRef = AC15DEEF284131190095B5EB /* MoviesListTests.swift */; };
		AC15DEFA284131190095B5EB /* MoviesListUITests.swift in Sources */ = {isa = PBXBuildFile; fileRef = AC15DEF9284131190095B5EB /* MoviesListUITests.swift */; };
		AC15DEFC284131190095B5EB /* MoviesListUITestsLaunchTests.swift in Sources */ = {isa = PBXBuildFile; fileRef = AC15DEFB284131190095B5EB /* MoviesListUITestsLaunchTests.swift */; };
		AC5358992845A63D00C7D064 /* RegisterViewController.swift in Sources */ = {isa = PBXBuildFile; fileRef = AC5358982845A63D00C7D064 /* RegisterViewController.swift */; };
		AC53589B2845C26200C7D064 /* GoogleService-Info.plist in Resources */ = {isa = PBXBuildFile; fileRef = AC53589A2845C26200C7D064 /* GoogleService-Info.plist */; };
		AC53589D2845D69000C7D064 /* Request.swift in Sources */ = {isa = PBXBuildFile; fileRef = AC53589C2845D69000C7D064 /* Request.swift */; };
		AC53589F2845D6C000C7D064 /* Movies.swift in Sources */ = {isa = PBXBuildFile; fileRef = AC53589E2845D6C000C7D064 /* Movies.swift */; };
/* End PBXBuildFile section */

/* Begin PBXContainerItemProxy section */
		AC15DEEC284131190095B5EB /* PBXContainerItemProxy */ = {
			isa = PBXContainerItemProxy;
			containerPortal = AC15DECD284130BC0095B5EB /* Project object */;
			proxyType = 1;
			remoteGlobalIDString = AC15DED4284130BE0095B5EB;
			remoteInfo = MoviesList;
		};
		AC15DEF6284131190095B5EB /* PBXContainerItemProxy */ = {
			isa = PBXContainerItemProxy;
			containerPortal = AC15DECD284130BC0095B5EB /* Project object */;
			proxyType = 1;
			remoteGlobalIDString = AC15DED4284130BE0095B5EB;
			remoteInfo = MoviesList;
		};
/* End PBXContainerItemProxy section */

/* Begin PBXFileReference section */
		130C03A2777BB33E1B4EE7FE /* Pods-MoviesList-MoviesListUITests.debug.xcconfig */ = {isa = PBXFileReference; includeInIndex = 1; lastKnownFileType = text.xcconfig; name = "Pods-MoviesList-MoviesListUITests.debug.xcconfig"; path = "Target Support Files/Pods-MoviesList-MoviesListUITests/Pods-MoviesList-MoviesListUITests.debug.xcconfig"; sourceTree = "<group>"; };
		3FA020D376C52B00F12CBE92 /* Pods-MoviesList-MoviesListUITests.release.xcconfig */ = {isa = PBXFileReference; includeInIndex = 1; lastKnownFileType = text.xcconfig; name = "Pods-MoviesList-MoviesListUITests.release.xcconfig"; path = "Target Support Files/Pods-MoviesList-MoviesListUITests/Pods-MoviesList-MoviesListUITests.release.xcconfig"; sourceTree = "<group>"; };
		471752311B28AF9048822688 /* Pods-MoviesList.debug.xcconfig */ = {isa = PBXFileReference; includeInIndex = 1; lastKnownFileType = text.xcconfig; name = "Pods-MoviesList.debug.xcconfig"; path = "Target Support Files/Pods-MoviesList/Pods-MoviesList.debug.xcconfig"; sourceTree = "<group>"; };
		6D82E3CD998F26378F5BE7E6 /* Pods-MoviesListTests.debug.xcconfig */ = {isa = PBXFileReference; includeInIndex = 1; lastKnownFileType = text.xcconfig; name = "Pods-MoviesListTests.debug.xcconfig"; path = "Target Support Files/Pods-MoviesListTests/Pods-MoviesListTests.debug.xcconfig"; sourceTree = "<group>"; };
		7E9147A356E207086E03ECD5 /* Pods_MoviesList_MoviesListUITests.framework */ = {isa = PBXFileReference; explicitFileType = wrapper.framework; includeInIndex = 0; path = Pods_MoviesList_MoviesListUITests.framework; sourceTree = BUILT_PRODUCTS_DIR; };
		7E9A66C68B618A91A8AC25B0 /* Pods-MoviesListTests.release.xcconfig */ = {isa = PBXFileReference; includeInIndex = 1; lastKnownFileType = text.xcconfig; name = "Pods-MoviesListTests.release.xcconfig"; path = "Target Support Files/Pods-MoviesListTests/Pods-MoviesListTests.release.xcconfig"; sourceTree = "<group>"; };
		85AC45B51E212E7F1DF8CE44 /* Pods_MoviesListTests.framework */ = {isa = PBXFileReference; explicitFileType = wrapper.framework; includeInIndex = 0; path = Pods_MoviesListTests.framework; sourceTree = BUILT_PRODUCTS_DIR; };
		9CB0ADDF8E3C850A7A4E71DF /* Pods_MoviesList.framework */ = {isa = PBXFileReference; explicitFileType = wrapper.framework; includeInIndex = 0; path = Pods_MoviesList.framework; sourceTree = BUILT_PRODUCTS_DIR; };
		A4CEB65FDA162C0D571A01E0 /* Pods-MoviesList.release.xcconfig */ = {isa = PBXFileReference; includeInIndex = 1; lastKnownFileType = text.xcconfig; name = "Pods-MoviesList.release.xcconfig"; path = "Target Support Files/Pods-MoviesList/Pods-MoviesList.release.xcconfig"; sourceTree = "<group>"; };
		AC15DED5284130BE0095B5EB /* MoviesList.app */ = {isa = PBXFileReference; explicitFileType = wrapper.application; includeInIndex = 0; path = MoviesList.app; sourceTree = BUILT_PRODUCTS_DIR; };
		AC15DED8284130BF0095B5EB /* AppDelegate.swift */ = {isa = PBXFileReference; lastKnownFileType = sourcecode.swift; path = AppDelegate.swift; sourceTree = "<group>"; };
		AC15DEDA284130BF0095B5EB /* SceneDelegate.swift */ = {isa = PBXFileReference; lastKnownFileType = sourcecode.swift; path = SceneDelegate.swift; sourceTree = "<group>"; };
		AC15DEDC284130BF0095B5EB /* MoviesLoginViewController.swift */ = {isa = PBXFileReference; lastKnownFileType = sourcecode.swift; path = MoviesLoginViewController.swift; sourceTree = "<group>"; };
		AC15DEDF284130BF0095B5EB /* Base */ = {isa = PBXFileReference; lastKnownFileType = file.storyboard; name = Base; path = Base.lproj/Main.storyboard; sourceTree = "<group>"; };
		AC15DEE1284131160095B5EB /* Assets.xcassets */ = {isa = PBXFileReference; lastKnownFileType = folder.assetcatalog; path = Assets.xcassets; sourceTree = "<group>"; };
		AC15DEE4284131160095B5EB /* Base */ = {isa = PBXFileReference; lastKnownFileType = file.storyboard; name = Base; path = Base.lproj/LaunchScreen.storyboard; sourceTree = "<group>"; };
		AC15DEE6284131160095B5EB /* Info.plist */ = {isa = PBXFileReference; lastKnownFileType = text.plist.xml; path = Info.plist; sourceTree = "<group>"; };
		AC15DEEB284131190095B5EB /* MoviesListTests.xctest */ = {isa = PBXFileReference; explicitFileType = wrapper.cfbundle; includeInIndex = 0; path = MoviesListTests.xctest; sourceTree = BUILT_PRODUCTS_DIR; };
		AC15DEEF284131190095B5EB /* MoviesListTests.swift */ = {isa = PBXFileReference; lastKnownFileType = sourcecode.swift; path = MoviesListTests.swift; sourceTree = "<group>"; };
		AC15DEF5284131190095B5EB /* MoviesListUITests.xctest */ = {isa = PBXFileReference; explicitFileType = wrapper.cfbundle; includeInIndex = 0; path = MoviesListUITests.xctest; sourceTree = BUILT_PRODUCTS_DIR; };
		AC15DEF9284131190095B5EB /* MoviesListUITests.swift */ = {isa = PBXFileReference; lastKnownFileType = sourcecode.swift; path = MoviesListUITests.swift; sourceTree = "<group>"; };
		AC15DEFB284131190095B5EB /* MoviesListUITestsLaunchTests.swift */ = {isa = PBXFileReference; lastKnownFileType = sourcecode.swift; path = MoviesListUITestsLaunchTests.swift; sourceTree = "<group>"; };
		AC5358982845A63D00C7D064 /* RegisterViewController.swift */ = {isa = PBXFileReference; lastKnownFileType = sourcecode.swift; path = RegisterViewController.swift; sourceTree = "<group>"; };
		AC53589A2845C26200C7D064 /* GoogleService-Info.plist */ = {isa = PBXFileReference; fileEncoding = 4; lastKnownFileType = text.plist.xml; name = "GoogleService-Info.plist"; path = "../../../GoogleService-Info.plist"; sourceTree = "<group>"; };
		AC53589C2845D69000C7D064 /* Request.swift */ = {isa = PBXFileReference; lastKnownFileType = sourcecode.swift; name = Request.swift; path = MoviesList/View/Request.swift; sourceTree = SOURCE_ROOT; };
		AC53589E2845D6C000C7D064 /* Movies.swift */ = {isa = PBXFileReference; lastKnownFileType = sourcecode.swift; name = Movies.swift; path = MoviesList/View/Movies.swift; sourceTree = SOURCE_ROOT; };
/* End PBXFileReference section */

/* Begin PBXFrameworksBuildPhase section */
		AC15DED2284130BE0095B5EB /* Frameworks */ = {
			isa = PBXFrameworksBuildPhase;
			buildActionMask = 2147483647;
			files = (
				0225EAF420DE5AD86A94B680 /* Pods_MoviesList.framework in Frameworks */,
			);
			runOnlyForDeploymentPostprocessing = 0;
		};
		AC15DEE8284131190095B5EB /* Frameworks */ = {
			isa = PBXFrameworksBuildPhase;
			buildActionMask = 2147483647;
			files = (
				9495C15CBD5B74002F737F5C /* Pods_MoviesListTests.framework in Frameworks */,
			);
			runOnlyForDeploymentPostprocessing = 0;
		};
		AC15DEF2284131190095B5EB /* Frameworks */ = {
			isa = PBXFrameworksBuildPhase;
			buildActionMask = 2147483647;
			files = (
				6C6F723EB6015079911B34E4 /* Pods_MoviesList_MoviesListUITests.framework in Frameworks */,
			);
			runOnlyForDeploymentPostprocessing = 0;
		};
/* End PBXFrameworksBuildPhase section */

/* Begin PBXGroup section */
		AC15DECC284130BC0095B5EB = {
			isa = PBXGroup;
			children = (
				AC15DED7284130BF0095B5EB /* MoviesList */,
				AC15DEEE284131190095B5EB /* MoviesListTests */,
				AC15DEF8284131190095B5EB /* MoviesListUITests */,
				AC15DED6284130BE0095B5EB /* Products */,
				F24BAA1297A8284AD3C3AA94 /* Pods */,
				F98FF11014ED928FAD65ABD2 /* Frameworks */,
			);
			sourceTree = "<group>";
		};
		AC15DED6284130BE0095B5EB /* Products */ = {
			isa = PBXGroup;
			children = (
				AC15DED5284130BE0095B5EB /* MoviesList.app */,
				AC15DEEB284131190095B5EB /* MoviesListTests.xctest */,
				AC15DEF5284131190095B5EB /* MoviesListUITests.xctest */,
			);
			name = Products;
			sourceTree = "<group>";
		};
		AC15DED7284130BF0095B5EB /* MoviesList */ = {
			isa = PBXGroup;
			children = (
				AC15DF0D284131AD0095B5EB /* Request */,
				AC15DF082841317A0095B5EB /* Model */,
				AC15DF092841318A0095B5EB /* Controller */,
				AC15DF0B2841319A0095B5EB /* View */,
				AC15DF0C2841319D0095B5EB /* Resources */,
				ACC46EC72843C38B00F2C3B0 /* Storyboard */,
				AC15DED8284130BF0095B5EB /* AppDelegate.swift */,
				AC15DEDA284130BF0095B5EB /* SceneDelegate.swift */,
				AC53589A2845C26200C7D064 /* GoogleService-Info.plist */,
				AC15DEE6284131160095B5EB /* Info.plist */,
			);
			path = MoviesList;
			sourceTree = "<group>";
		};
		AC15DEEE284131190095B5EB /* MoviesListTests */ = {
			isa = PBXGroup;
			children = (
				AC15DEEF284131190095B5EB /* MoviesListTests.swift */,
			);
			path = MoviesListTests;
			sourceTree = "<group>";
		};
		AC15DEF8284131190095B5EB /* MoviesListUITests */ = {
			isa = PBXGroup;
			children = (
				AC15DEF9284131190095B5EB /* MoviesListUITests.swift */,
				AC15DEFB284131190095B5EB /* MoviesListUITestsLaunchTests.swift */,
			);
			path = MoviesListUITests;
			sourceTree = "<group>";
		};
		AC15DF082841317A0095B5EB /* Model */ = {
			isa = PBXGroup;
			children = (
				AC53589E2845D6C000C7D064 /* Movies.swift */,
			);
			path = Model;
			sourceTree = "<group>";
		};
		AC15DF092841318A0095B5EB /* Controller */ = {
			isa = PBXGroup;
			children = (
			);
			path = Controller;
			sourceTree = "<group>";
		};
		AC15DF0B2841319A0095B5EB /* View */ = {
			isa = PBXGroup;
			children = (
				AC15DEDC284130BF0095B5EB /* MoviesLoginViewController.swift */,
				AC5358982845A63D00C7D064 /* RegisterViewController.swift */,
			);
			path = View;
			sourceTree = "<group>";
		};
		AC15DF0C2841319D0095B5EB /* Resources */ = {
			isa = PBXGroup;
			children = (
				AC15DEE1284131160095B5EB /* Assets.xcassets */,
				AC15DEE3284131160095B5EB /* LaunchScreen.storyboard */,
			);
			path = Resources;
			sourceTree = "<group>";
		};
		AC15DF0D284131AD0095B5EB /* Request */ = {
			isa = PBXGroup;
			children = (
				AC53589C2845D69000C7D064 /* Request.swift */,
			);
			path = Request;
			sourceTree = "<group>";
		};
		ACC46EC72843C38B00F2C3B0 /* Storyboard */ = {
			isa = PBXGroup;
			children = (
				AC15DEDE284130BF0095B5EB /* Main.storyboard */,
			);
			path = Storyboard;
			sourceTree = "<group>";
		};
		F24BAA1297A8284AD3C3AA94 /* Pods */ = {
			isa = PBXGroup;
			children = (
				471752311B28AF9048822688 /* Pods-MoviesList.debug.xcconfig */,
				A4CEB65FDA162C0D571A01E0 /* Pods-MoviesList.release.xcconfig */,
				130C03A2777BB33E1B4EE7FE /* Pods-MoviesList-MoviesListUITests.debug.xcconfig */,
				3FA020D376C52B00F12CBE92 /* Pods-MoviesList-MoviesListUITests.release.xcconfig */,
				6D82E3CD998F26378F5BE7E6 /* Pods-MoviesListTests.debug.xcconfig */,
				7E9A66C68B618A91A8AC25B0 /* Pods-MoviesListTests.release.xcconfig */,
			);
			path = Pods;
			sourceTree = "<group>";
		};
		F98FF11014ED928FAD65ABD2 /* Frameworks */ = {
			isa = PBXGroup;
			children = (
				9CB0ADDF8E3C850A7A4E71DF /* Pods_MoviesList.framework */,
				7E9147A356E207086E03ECD5 /* Pods_MoviesList_MoviesListUITests.framework */,
				85AC45B51E212E7F1DF8CE44 /* Pods_MoviesListTests.framework */,
			);
			name = Frameworks;
			sourceTree = "<group>";
		};
/* End PBXGroup section */

/* Begin PBXNativeTarget section */
		AC15DED4284130BE0095B5EB /* MoviesList */ = {
			isa = PBXNativeTarget;
			buildConfigurationList = AC15DEFF2841311A0095B5EB /* Build configuration list for PBXNativeTarget "MoviesList" */;
			buildPhases = (
				262B98DE69883691EA8F8280 /* [CP] Check Pods Manifest.lock */,
				AC15DED1284130BE0095B5EB /* Sources */,
				AC15DED2284130BE0095B5EB /* Frameworks */,
				AC15DED3284130BE0095B5EB /* Resources */,
				C4E4049B4E4ACEB3F81F1835 /* [CP] Embed Pods Frameworks */,
			);
			buildRules = (
			);
			dependencies = (
			);
			name = MoviesList;
			productName = MoviesList;
			productReference = AC15DED5284130BE0095B5EB /* MoviesList.app */;
			productType = "com.apple.product-type.application";
		};
		AC15DEEA284131190095B5EB /* MoviesListTests */ = {
			isa = PBXNativeTarget;
			buildConfigurationList = AC15DF022841311A0095B5EB /* Build configuration list for PBXNativeTarget "MoviesListTests" */;
			buildPhases = (
				4344EBE1D4F934B47408D3A7 /* [CP] Check Pods Manifest.lock */,
				AC15DEE7284131190095B5EB /* Sources */,
				AC15DEE8284131190095B5EB /* Frameworks */,
				AC15DEE9284131190095B5EB /* Resources */,
			);
			buildRules = (
			);
			dependencies = (
				AC15DEED284131190095B5EB /* PBXTargetDependency */,
			);
			name = MoviesListTests;
			productName = MoviesListTests;
			productReference = AC15DEEB284131190095B5EB /* MoviesListTests.xctest */;
			productType = "com.apple.product-type.bundle.unit-test";
		};
		AC15DEF4284131190095B5EB /* MoviesListUITests */ = {
			isa = PBXNativeTarget;
			buildConfigurationList = AC15DF052841311A0095B5EB /* Build configuration list for PBXNativeTarget "MoviesListUITests" */;
			buildPhases = (
				2329211E4A8A579F9AE124F4 /* [CP] Check Pods Manifest.lock */,
				AC15DEF1284131190095B5EB /* Sources */,
				AC15DEF2284131190095B5EB /* Frameworks */,
				AC15DEF3284131190095B5EB /* Resources */,
				DA24422A9E6F628CA0D45B23 /* [CP] Embed Pods Frameworks */,
			);
			buildRules = (
			);
			dependencies = (
				AC15DEF7284131190095B5EB /* PBXTargetDependency */,
			);
			name = MoviesListUITests;
			productName = MoviesListUITests;
			productReference = AC15DEF5284131190095B5EB /* MoviesListUITests.xctest */;
			productType = "com.apple.product-type.bundle.ui-testing";
		};
/* End PBXNativeTarget section */

/* Begin PBXProject section */
		AC15DECD284130BC0095B5EB /* Project object */ = {
			isa = PBXProject;
			attributes = {
				BuildIndependentTargetsInParallel = 1;
				LastSwiftUpdateCheck = 1340;
				LastUpgradeCheck = 1340;
				TargetAttributes = {
					AC15DED4284130BE0095B5EB = {
						CreatedOnToolsVersion = 13.4;
					};
					AC15DEEA284131190095B5EB = {
						CreatedOnToolsVersion = 13.4;
						TestTargetID = AC15DED4284130BE0095B5EB;
					};
					AC15DEF4284131190095B5EB = {
						CreatedOnToolsVersion = 13.4;
						TestTargetID = AC15DED4284130BE0095B5EB;
					};
				};
			};
			buildConfigurationList = AC15DED0284130BD0095B5EB /* Build configuration list for PBXProject "MoviesList" */;
			compatibilityVersion = "Xcode 13.0";
			developmentRegion = en;
			hasScannedForEncodings = 0;
			knownRegions = (
				en,
				Base,
			);
			mainGroup = AC15DECC284130BC0095B5EB;
			productRefGroup = AC15DED6284130BE0095B5EB /* Products */;
			projectDirPath = "";
			projectRoot = "";
			targets = (
				AC15DED4284130BE0095B5EB /* MoviesList */,
				AC15DEEA284131190095B5EB /* MoviesListTests */,
				AC15DEF4284131190095B5EB /* MoviesListUITests */,
			);
		};
/* End PBXProject section */

/* Begin PBXResourcesBuildPhase section */
		AC15DED3284130BE0095B5EB /* Resources */ = {
			isa = PBXResourcesBuildPhase;
			buildActionMask = 2147483647;
			files = (
				AC15DEE5284131160095B5EB /* LaunchScreen.storyboard in Resources */,
				AC15DEE2284131160095B5EB /* Assets.xcassets in Resources */,
				AC53589B2845C26200C7D064 /* GoogleService-Info.plist in Resources */,
				AC15DEE0284130BF0095B5EB /* Main.storyboard in Resources */,
			);
			runOnlyForDeploymentPostprocessing = 0;
		};
		AC15DEE9284131190095B5EB /* Resources */ = {
			isa = PBXResourcesBuildPhase;
			buildActionMask = 2147483647;
			files = (
			);
			runOnlyForDeploymentPostprocessing = 0;
		};
		AC15DEF3284131190095B5EB /* Resources */ = {
			isa = PBXResourcesBuildPhase;
			buildActionMask = 2147483647;
			files = (
			);
			runOnlyForDeploymentPostprocessing = 0;
		};
/* End PBXResourcesBuildPhase section */

/* Begin PBXShellScriptBuildPhase section */
		2329211E4A8A579F9AE124F4 /* [CP] Check Pods Manifest.lock */ = {
			isa = PBXShellScriptBuildPhase;
			buildActionMask = 2147483647;
			files = (
			);
			inputFileListPaths = (
			);
			inputPaths = (
				"${PODS_PODFILE_DIR_PATH}/Podfile.lock",
				"${PODS_ROOT}/Manifest.lock",
			);
			name = "[CP] Check Pods Manifest.lock";
			outputFileListPaths = (
			);
			outputPaths = (
				"$(DERIVED_FILE_DIR)/Pods-MoviesList-MoviesListUITests-checkManifestLockResult.txt",
			);
			runOnlyForDeploymentPostprocessing = 0;
			shellPath = /bin/sh;
			shellScript = "diff \"${PODS_PODFILE_DIR_PATH}/Podfile.lock\" \"${PODS_ROOT}/Manifest.lock\" > /dev/null\nif [ $? != 0 ] ; then\n    # print error to STDERR\n    echo \"error: The sandbox is not in sync with the Podfile.lock. Run 'pod install' or update your CocoaPods installation.\" >&2\n    exit 1\nfi\n# This output is used by Xcode 'outputs' to avoid re-running this script phase.\necho \"SUCCESS\" > \"${SCRIPT_OUTPUT_FILE_0}\"\n";
			showEnvVarsInLog = 0;
		};
		262B98DE69883691EA8F8280 /* [CP] Check Pods Manifest.lock */ = {
			isa = PBXShellScriptBuildPhase;
			buildActionMask = 2147483647;
			files = (
			);
			inputFileListPaths = (
			);
			inputPaths = (
				"${PODS_PODFILE_DIR_PATH}/Podfile.lock",
				"${PODS_ROOT}/Manifest.lock",
			);
			name = "[CP] Check Pods Manifest.lock";
			outputFileListPaths = (
			);
			outputPaths = (
				"$(DERIVED_FILE_DIR)/Pods-MoviesList-checkManifestLockResult.txt",
			);
			runOnlyForDeploymentPostprocessing = 0;
			shellPath = /bin/sh;
			shellScript = "diff \"${PODS_PODFILE_DIR_PATH}/Podfile.lock\" \"${PODS_ROOT}/Manifest.lock\" > /dev/null\nif [ $? != 0 ] ; then\n    # print error to STDERR\n    echo \"error: The sandbox is not in sync with the Podfile.lock. Run 'pod install' or update your CocoaPods installation.\" >&2\n    exit 1\nfi\n# This output is used by Xcode 'outputs' to avoid re-running this script phase.\necho \"SUCCESS\" > \"${SCRIPT_OUTPUT_FILE_0}\"\n";
			showEnvVarsInLog = 0;
		};
		4344EBE1D4F934B47408D3A7 /* [CP] Check Pods Manifest.lock */ = {
			isa = PBXShellScriptBuildPhase;
			buildActionMask = 2147483647;
			files = (
			);
			inputFileListPaths = (
			);
			inputPaths = (
				"${PODS_PODFILE_DIR_PATH}/Podfile.lock",
				"${PODS_ROOT}/Manifest.lock",
			);
			name = "[CP] Check Pods Manifest.lock";
			outputFileListPaths = (
			);
			outputPaths = (
				"$(DERIVED_FILE_DIR)/Pods-MoviesListTests-checkManifestLockResult.txt",
			);
			runOnlyForDeploymentPostprocessing = 0;
			shellPath = /bin/sh;
			shellScript = "diff \"${PODS_PODFILE_DIR_PATH}/Podfile.lock\" \"${PODS_ROOT}/Manifest.lock\" > /dev/null\nif [ $? != 0 ] ; then\n    # print error to STDERR\n    echo \"error: The sandbox is not in sync with the Podfile.lock. Run 'pod install' or update your CocoaPods installation.\" >&2\n    exit 1\nfi\n# This output is used by Xcode 'outputs' to avoid re-running this script phase.\necho \"SUCCESS\" > \"${SCRIPT_OUTPUT_FILE_0}\"\n";
			showEnvVarsInLog = 0;
		};
		C4E4049B4E4ACEB3F81F1835 /* [CP] Embed Pods Frameworks */ = {
			isa = PBXShellScriptBuildPhase;
			buildActionMask = 2147483647;
			files = (
			);
			inputFileListPaths = (
				"${PODS_ROOT}/Target Support Files/Pods-MoviesList/Pods-MoviesList-frameworks-${CONFIGURATION}-input-files.xcfilelist",
			);
			name = "[CP] Embed Pods Frameworks";
			outputFileListPaths = (
				"${PODS_ROOT}/Target Support Files/Pods-MoviesList/Pods-MoviesList-frameworks-${CONFIGURATION}-output-files.xcfilelist",
			);
			runOnlyForDeploymentPostprocessing = 0;
			shellPath = /bin/sh;
			shellScript = "\"${PODS_ROOT}/Target Support Files/Pods-MoviesList/Pods-MoviesList-frameworks.sh\"\n";
			showEnvVarsInLog = 0;
		};
		DA24422A9E6F628CA0D45B23 /* [CP] Embed Pods Frameworks */ = {
			isa = PBXShellScriptBuildPhase;
			buildActionMask = 2147483647;
			files = (
			);
			inputFileListPaths = (
				"${PODS_ROOT}/Target Support Files/Pods-MoviesList-MoviesListUITests/Pods-MoviesList-MoviesListUITests-frameworks-${CONFIGURATION}-input-files.xcfilelist",
			);
			name = "[CP] Embed Pods Frameworks";
			outputFileListPaths = (
				"${PODS_ROOT}/Target Support Files/Pods-MoviesList-MoviesListUITests/Pods-MoviesList-MoviesListUITests-frameworks-${CONFIGURATION}-output-files.xcfilelist",
			);
			runOnlyForDeploymentPostprocessing = 0;
			shellPath = /bin/sh;
			shellScript = "\"${PODS_ROOT}/Target Support Files/Pods-MoviesList-MoviesListUITests/Pods-MoviesList-MoviesListUITests-frameworks.sh\"\n";
			showEnvVarsInLog = 0;
		};
/* End PBXShellScriptBuildPhase section */

/* Begin PBXSourcesBuildPhase section */
		AC15DED1284130BE0095B5EB /* Sources */ = {
			isa = PBXSourcesBuildPhase;
			buildActionMask = 2147483647;
			files = (
				AC15DEDD284130BF0095B5EB /* MoviesLoginViewController.swift in Sources */,
				AC15DED9284130BF0095B5EB /* AppDelegate.swift in Sources */,
				AC53589F2845D6C000C7D064 /* Movies.swift in Sources */,
				AC53589D2845D69000C7D064 /* Request.swift in Sources */,
				AC15DEDB284130BF0095B5EB /* SceneDelegate.swift in Sources */,
				AC5358992845A63D00C7D064 /* RegisterViewController.swift in Sources */,
			);
			runOnlyForDeploymentPostprocessing = 0;
		};
		AC15DEE7284131190095B5EB /* Sources */ = {
			isa = PBXSourcesBuildPhase;
			buildActionMask = 2147483647;
			files = (
				AC15DEF0284131190095B5EB /* MoviesListTests.swift in Sources */,
			);
			runOnlyForDeploymentPostprocessing = 0;
		};
		AC15DEF1284131190095B5EB /* Sources */ = {
			isa = PBXSourcesBuildPhase;
			buildActionMask = 2147483647;
			files = (
				AC15DEFA284131190095B5EB /* MoviesListUITests.swift in Sources */,
				AC15DEFC284131190095B5EB /* MoviesListUITestsLaunchTests.swift in Sources */,
			);
			runOnlyForDeploymentPostprocessing = 0;
		};
/* End PBXSourcesBuildPhase section */

/* Begin PBXTargetDependency section */
		AC15DEED284131190095B5EB /* PBXTargetDependency */ = {
			isa = PBXTargetDependency;
			target = AC15DED4284130BE0095B5EB /* MoviesList */;
			targetProxy = AC15DEEC284131190095B5EB /* PBXContainerItemProxy */;
		};
		AC15DEF7284131190095B5EB /* PBXTargetDependency */ = {
			isa = PBXTargetDependency;
			target = AC15DED4284130BE0095B5EB /* MoviesList */;
			targetProxy = AC15DEF6284131190095B5EB /* PBXContainerItemProxy */;
		};
/* End PBXTargetDependency section */

/* Begin PBXVariantGroup section */
		AC15DEDE284130BF0095B5EB /* Main.storyboard */ = {
			isa = PBXVariantGroup;
			children = (
				AC15DEDF284130BF0095B5EB /* Base */,
			);
			name = Main.storyboard;
			sourceTree = "<group>";
		};
		AC15DEE3284131160095B5EB /* LaunchScreen.storyboard */ = {
			isa = PBXVariantGroup;
			children = (
				AC15DEE4284131160095B5EB /* Base */,
			);
			name = LaunchScreen.storyboard;
			sourceTree = "<group>";
		};
/* End PBXVariantGroup section */

/* Begin XCBuildConfiguration section */
		AC15DEFD284131190095B5EB /* Debug */ = {
			isa = XCBuildConfiguration;
			buildSettings = {
				ALWAYS_SEARCH_USER_PATHS = NO;
				CLANG_ANALYZER_NONNULL = YES;
				CLANG_ANALYZER_NUMBER_OBJECT_CONVERSION = YES_AGGRESSIVE;
				CLANG_CXX_LANGUAGE_STANDARD = "gnu++17";
				CLANG_ENABLE_MODULES = YES;
				CLANG_ENABLE_OBJC_ARC = YES;
				CLANG_ENABLE_OBJC_WEAK = YES;
				CLANG_WARN_BLOCK_CAPTURE_AUTORELEASING = YES;
				CLANG_WARN_BOOL_CONVERSION = YES;
				CLANG_WARN_COMMA = YES;
				CLANG_WARN_CONSTANT_CONVERSION = YES;
				CLANG_WARN_DEPRECATED_OBJC_IMPLEMENTATIONS = YES;
				CLANG_WARN_DIRECT_OBJC_ISA_USAGE = YES_ERROR;
				CLANG_WARN_DOCUMENTATION_COMMENTS = YES;
				CLANG_WARN_EMPTY_BODY = YES;
				CLANG_WARN_ENUM_CONVERSION = YES;
				CLANG_WARN_INFINITE_RECURSION = YES;
				CLANG_WARN_INT_CONVERSION = YES;
				CLANG_WARN_NON_LITERAL_NULL_CONVERSION = YES;
				CLANG_WARN_OBJC_IMPLICIT_RETAIN_SELF = YES;
				CLANG_WARN_OBJC_LITERAL_CONVERSION = YES;
				CLANG_WARN_OBJC_ROOT_CLASS = YES_ERROR;
				CLANG_WARN_QUOTED_INCLUDE_IN_FRAMEWORK_HEADER = YES;
				CLANG_WARN_RANGE_LOOP_ANALYSIS = YES;
				CLANG_WARN_STRICT_PROTOTYPES = YES;
				CLANG_WARN_SUSPICIOUS_MOVE = YES;
				CLANG_WARN_UNGUARDED_AVAILABILITY = YES_AGGRESSIVE;
				CLANG_WARN_UNREACHABLE_CODE = YES;
				CLANG_WARN__DUPLICATE_METHOD_MATCH = YES;
				COPY_PHASE_STRIP = NO;
				DEBUG_INFORMATION_FORMAT = dwarf;
				ENABLE_STRICT_OBJC_MSGSEND = YES;
				ENABLE_TESTABILITY = YES;
				GCC_C_LANGUAGE_STANDARD = gnu11;
				GCC_DYNAMIC_NO_PIC = NO;
				GCC_NO_COMMON_BLOCKS = YES;
				GCC_OPTIMIZATION_LEVEL = 0;
				GCC_PREPROCESSOR_DEFINITIONS = (
					"DEBUG=1",
					"$(inherited)",
				);
				GCC_WARN_64_TO_32_BIT_CONVERSION = YES;
				GCC_WARN_ABOUT_RETURN_TYPE = YES_ERROR;
				GCC_WARN_UNDECLARED_SELECTOR = YES;
				GCC_WARN_UNINITIALIZED_AUTOS = YES_AGGRESSIVE;
				GCC_WARN_UNUSED_FUNCTION = YES;
				GCC_WARN_UNUSED_VARIABLE = YES;
				IPHONEOS_DEPLOYMENT_TARGET = 15.5;
				MTL_ENABLE_DEBUG_INFO = INCLUDE_SOURCE;
				MTL_FAST_MATH = YES;
				ONLY_ACTIVE_ARCH = YES;
				SDKROOT = iphoneos;
				SWIFT_ACTIVE_COMPILATION_CONDITIONS = DEBUG;
				SWIFT_OPTIMIZATION_LEVEL = "-Onone";
			};
			name = Debug;
		};
		AC15DEFE284131190095B5EB /* Release */ = {
			isa = XCBuildConfiguration;
			buildSettings = {
				ALWAYS_SEARCH_USER_PATHS = NO;
				CLANG_ANALYZER_NONNULL = YES;
				CLANG_ANALYZER_NUMBER_OBJECT_CONVERSION = YES_AGGRESSIVE;
				CLANG_CXX_LANGUAGE_STANDARD = "gnu++17";
				CLANG_ENABLE_MODULES = YES;
				CLANG_ENABLE_OBJC_ARC = YES;
				CLANG_ENABLE_OBJC_WEAK = YES;
				CLANG_WARN_BLOCK_CAPTURE_AUTORELEASING = YES;
				CLANG_WARN_BOOL_CONVERSION = YES;
				CLANG_WARN_COMMA = YES;
				CLANG_WARN_CONSTANT_CONVERSION = YES;
				CLANG_WARN_DEPRECATED_OBJC_IMPLEMENTATIONS = YES;
				CLANG_WARN_DIRECT_OBJC_ISA_USAGE = YES_ERROR;
				CLANG_WARN_DOCUMENTATION_COMMENTS = YES;
				CLANG_WARN_EMPTY_BODY = YES;
				CLANG_WARN_ENUM_CONVERSION = YES;
				CLANG_WARN_INFINITE_RECURSION = YES;
				CLANG_WARN_INT_CONVERSION = YES;
				CLANG_WARN_NON_LITERAL_NULL_CONVERSION = YES;
				CLANG_WARN_OBJC_IMPLICIT_RETAIN_SELF = YES;
				CLANG_WARN_OBJC_LITERAL_CONVERSION = YES;
				CLANG_WARN_OBJC_ROOT_CLASS = YES_ERROR;
				CLANG_WARN_QUOTED_INCLUDE_IN_FRAMEWORK_HEADER = YES;
				CLANG_WARN_RANGE_LOOP_ANALYSIS = YES;
				CLANG_WARN_STRICT_PROTOTYPES = YES;
				CLANG_WARN_SUSPICIOUS_MOVE = YES;
				CLANG_WARN_UNGUARDED_AVAILABILITY = YES_AGGRESSIVE;
				CLANG_WARN_UNREACHABLE_CODE = YES;
				CLANG_WARN__DUPLICATE_METHOD_MATCH = YES;
				COPY_PHASE_STRIP = NO;
				DEBUG_INFORMATION_FORMAT = "dwarf-with-dsym";
				ENABLE_NS_ASSERTIONS = NO;
				ENABLE_STRICT_OBJC_MSGSEND = YES;
				GCC_C_LANGUAGE_STANDARD = gnu11;
				GCC_NO_COMMON_BLOCKS = YES;
				GCC_WARN_64_TO_32_BIT_CONVERSION = YES;
				GCC_WARN_ABOUT_RETURN_TYPE = YES_ERROR;
				GCC_WARN_UNDECLARED_SELECTOR = YES;
				GCC_WARN_UNINITIALIZED_AUTOS = YES_AGGRESSIVE;
				GCC_WARN_UNUSED_FUNCTION = YES;
				GCC_WARN_UNUSED_VARIABLE = YES;
				IPHONEOS_DEPLOYMENT_TARGET = 15.5;
				MTL_ENABLE_DEBUG_INFO = NO;
				MTL_FAST_MATH = YES;
				SDKROOT = iphoneos;
				SWIFT_COMPILATION_MODE = wholemodule;
				SWIFT_OPTIMIZATION_LEVEL = "-O";
				VALIDATE_PRODUCT = YES;
			};
			name = Release;
		};
		AC15DF002841311A0095B5EB /* Debug */ = {
			isa = XCBuildConfiguration;
			baseConfigurationReference = 471752311B28AF9048822688 /* Pods-MoviesList.debug.xcconfig */;
			buildSettings = {
				ASSETCATALOG_COMPILER_APPICON_NAME = AppIcon;
				ASSETCATALOG_COMPILER_GLOBAL_ACCENT_COLOR_NAME = AccentColor;
				CODE_SIGN_STYLE = Automatic;
				CURRENT_PROJECT_VERSION = 1;
				GENERATE_INFOPLIST_FILE = YES;
				INFOPLIST_FILE = MoviesList/Info.plist;
				INFOPLIST_KEY_UIApplicationSupportsIndirectInputEvents = YES;
				INFOPLIST_KEY_UILaunchStoryboardName = LaunchScreen;
				INFOPLIST_KEY_UIMainStoryboardFile = Main;
				INFOPLIST_KEY_UISupportedInterfaceOrientations_iPad = "UIInterfaceOrientationPortrait UIInterfaceOrientationPortraitUpsideDown UIInterfaceOrientationLandscapeLeft UIInterfaceOrientationLandscapeRight";
				INFOPLIST_KEY_UISupportedInterfaceOrientations_iPhone = "UIInterfaceOrientationPortrait UIInterfaceOrientationLandscapeLeft UIInterfaceOrientationLandscapeRight";
				LD_RUNPATH_SEARCH_PATHS = (
					"$(inherited)",
					"@executable_path/Frameworks",
				);
				MARKETING_VERSION = 1.0;
				PRODUCT_BUNDLE_IDENTIFIER = PulseAtWork.MoviesList;
				PRODUCT_NAME = "$(TARGET_NAME)";
				SWIFT_EMIT_LOC_STRINGS = YES;
				SWIFT_VERSION = 5.0;
				TARGETED_DEVICE_FAMILY = "1,2";
			};
			name = Debug;
		};
		AC15DF012841311A0095B5EB /* Release */ = {
			isa = XCBuildConfiguration;
			baseConfigurationReference = A4CEB65FDA162C0D571A01E0 /* Pods-MoviesList.release.xcconfig */;
			buildSettings = {
				ASSETCATALOG_COMPILER_APPICON_NAME = AppIcon;
				ASSETCATALOG_COMPILER_GLOBAL_ACCENT_COLOR_NAME = AccentColor;
				CODE_SIGN_STYLE = Automatic;
				CURRENT_PROJECT_VERSION = 1;
				GENERATE_INFOPLIST_FILE = YES;
				INFOPLIST_FILE = MoviesList/Info.plist;
				INFOPLIST_KEY_UIApplicationSupportsIndirectInputEvents = YES;
				INFOPLIST_KEY_UILaunchStoryboardName = LaunchScreen;
				INFOPLIST_KEY_UIMainStoryboardFile = Main;
				INFOPLIST_KEY_UISupportedInterfaceOrientations_iPad = "UIInterfaceOrientationPortrait UIInterfaceOrientationPortraitUpsideDown UIInterfaceOrientationLandscapeLeft UIInterfaceOrientationLandscapeRight";
				INFOPLIST_KEY_UISupportedInterfaceOrientations_iPhone = "UIInterfaceOrientationPortrait UIInterfaceOrientationLandscapeLeft UIInterfaceOrientationLandscapeRight";
				LD_RUNPATH_SEARCH_PATHS = (
					"$(inherited)",
					"@executable_path/Frameworks",
				);
				MARKETING_VERSION = 1.0;
				PRODUCT_BUNDLE_IDENTIFIER = PulseAtWork.MoviesList;
				PRODUCT_NAME = "$(TARGET_NAME)";
				SWIFT_EMIT_LOC_STRINGS = YES;
				SWIFT_VERSION = 5.0;
				TARGETED_DEVICE_FAMILY = "1,2";
			};
			name = Release;
		};
		AC15DF032841311A0095B5EB /* Debug */ = {
			isa = XCBuildConfiguration;
			baseConfigurationReference = 6D82E3CD998F26378F5BE7E6 /* Pods-MoviesListTests.debug.xcconfig */;
			buildSettings = {
				ALWAYS_EMBED_SWIFT_STANDARD_LIBRARIES = YES;
				BUNDLE_LOADER = "$(TEST_HOST)";
				CODE_SIGN_STYLE = Automatic;
				CURRENT_PROJECT_VERSION = 1;
				GENERATE_INFOPLIST_FILE = YES;
				IPHONEOS_DEPLOYMENT_TARGET = 15.5;
				MARKETING_VERSION = 1.0;
				PRODUCT_BUNDLE_IDENTIFIER = PulseAtWork.MoviesListTests;
				PRODUCT_NAME = "$(TARGET_NAME)";
				SWIFT_EMIT_LOC_STRINGS = NO;
				SWIFT_VERSION = 5.0;
				TARGETED_DEVICE_FAMILY = "1,2";
				TEST_HOST = "$(BUILT_PRODUCTS_DIR)/MoviesList.app/MoviesList";
			};
			name = Debug;
		};
		AC15DF042841311A0095B5EB /* Release */ = {
			isa = XCBuildConfiguration;
			baseConfigurationReference = 7E9A66C68B618A91A8AC25B0 /* Pods-MoviesListTests.release.xcconfig */;
			buildSettings = {
				ALWAYS_EMBED_SWIFT_STANDARD_LIBRARIES = YES;
				BUNDLE_LOADER = "$(TEST_HOST)";
				CODE_SIGN_STYLE = Automatic;
				CURRENT_PROJECT_VERSION = 1;
				GENERATE_INFOPLIST_FILE = YES;
				IPHONEOS_DEPLOYMENT_TARGET = 15.5;
				MARKETING_VERSION = 1.0;
				PRODUCT_BUNDLE_IDENTIFIER = PulseAtWork.MoviesListTests;
				PRODUCT_NAME = "$(TARGET_NAME)";
				SWIFT_EMIT_LOC_STRINGS = NO;
				SWIFT_VERSION = 5.0;
				TARGETED_DEVICE_FAMILY = "1,2";
				TEST_HOST = "$(BUILT_PRODUCTS_DIR)/MoviesList.app/MoviesList";
			};
			name = Release;
		};
		AC15DF062841311A0095B5EB /* Debug */ = {
			isa = XCBuildConfiguration;
			baseConfigurationReference = 130C03A2777BB33E1B4EE7FE /* Pods-MoviesList-MoviesListUITests.debug.xcconfig */;
			buildSettings = {
				ALWAYS_EMBED_SWIFT_STANDARD_LIBRARIES = YES;
				CODE_SIGN_STYLE = Automatic;
				CURRENT_PROJECT_VERSION = 1;
				GENERATE_INFOPLIST_FILE = YES;
				MARKETING_VERSION = 1.0;
				PRODUCT_BUNDLE_IDENTIFIER = PulseAtWork.MoviesListUITests;
				PRODUCT_NAME = "$(TARGET_NAME)";
				SWIFT_EMIT_LOC_STRINGS = NO;
				SWIFT_VERSION = 5.0;
				TARGETED_DEVICE_FAMILY = "1,2";
				TEST_TARGET_NAME = MoviesList;
			};
			name = Debug;
		};
		AC15DF072841311A0095B5EB /* Release */ = {
			isa = XCBuildConfiguration;
			baseConfigurationReference = 3FA020D376C52B00F12CBE92 /* Pods-MoviesList-MoviesListUITests.release.xcconfig */;
			buildSettings = {
				ALWAYS_EMBED_SWIFT_STANDARD_LIBRARIES = YES;
				CODE_SIGN_STYLE = Automatic;
				CURRENT_PROJECT_VERSION = 1;
				GENERATE_INFOPLIST_FILE = YES;
				MARKETING_VERSION = 1.0;
				PRODUCT_BUNDLE_IDENTIFIER = PulseAtWork.MoviesListUITests;
				PRODUCT_NAME = "$(TARGET_NAME)";
				SWIFT_EMIT_LOC_STRINGS = NO;
				SWIFT_VERSION = 5.0;
				TARGETED_DEVICE_FAMILY = "1,2";
				TEST_TARGET_NAME = MoviesList;
			};
			name = Release;
		};
/* End XCBuildConfiguration section */

/* Begin XCConfigurationList section */
		AC15DED0284130BD0095B5EB /* Build configuration list for PBXProject "MoviesList" */ = {
			isa = XCConfigurationList;
			buildConfigurations = (
				AC15DEFD284131190095B5EB /* Debug */,
				AC15DEFE284131190095B5EB /* Release */,
			);
			defaultConfigurationIsVisible = 0;
			defaultConfigurationName = Release;
		};
		AC15DEFF2841311A0095B5EB /* Build configuration list for PBXNativeTarget "MoviesList" */ = {
			isa = XCConfigurationList;
			buildConfigurations = (
				AC15DF002841311A0095B5EB /* Debug */,
				AC15DF012841311A0095B5EB /* Release */,
			);
			defaultConfigurationIsVisible = 0;
			defaultConfigurationName = Release;
		};
		AC15DF022841311A0095B5EB /* Build configuration list for PBXNativeTarget "MoviesListTests" */ = {
			isa = XCConfigurationList;
			buildConfigurations = (
				AC15DF032841311A0095B5EB /* Debug */,
				AC15DF042841311A0095B5EB /* Release */,
			);
			defaultConfigurationIsVisible = 0;
			defaultConfigurationName = Release;
		};
		AC15DF052841311A0095B5EB /* Build configuration list for PBXNativeTarget "MoviesListUITests" */ = {
			isa = XCConfigurationList;
			buildConfigurations = (
				AC15DF062841311A0095B5EB /* Debug */,
				AC15DF072841311A0095B5EB /* Release */,
			);
			defaultConfigurationIsVisible = 0;
			defaultConfigurationName = Release;
		};
/* End XCConfigurationList section */
	};
	rootObject = AC15DECD284130BC0095B5EB /* Project object */;
}
